github.com/Hatch1fy/errors v0.3.0 h1:KylivctV7WFButh5rYOSHJUTi2gcalRgsGkAfFk1FsY=
github.com/Hatch1fy/errors v0.3.0/go.mod h1:SJFCeScmERvwtYMG7EU24Fe0KfXmiIs7tNlcIl0STKk=
github.com/Hatch1fy/uuid v0.3.0 h1:VY9FNuaQZUHadHdBmBQ0G1g/OvynGPPRxVPixKPu10Y=
github.com/Hatch1fy/uuid v0.3.0/go.mod h1:8EfTJunjcMIQXM8AS4uiN/dwAL40+orzSSG4BwHMIKM=
